
Microsoft Visual Studio Solution File, Format Version 12.00
# Visual Studio 15
VisualStudioVersion = 15.0.28010.2048
MinimumVisualStudioVersion = 10.0.40219.1
Project("{FAE04EC0-301F-11D3-BF4B-00C04F79EFBC}") = "DemoWithOneProject2", "DemoWithOneProject2\DemoWithOneProject2.csproj", "{65927400-91AD-438F-907D-D445C11D75DC}"
EndProject
Global
	GlobalSection(SolutionConfigurationPlatforms) = preSolution
		Debug|Any CPU = Debug|Any CPU
		Release|Any CPU = Release|Any CPU
	EndGlobalSection
	GlobalSection(ProjectConfigurationPlatforms) = postSolution
		{65927400-91AD-438F-907D-D445C11D75DC}.Debug|Any CPU.ActiveCfg = Debug|Any CPU
		{65927400-91AD-438F-907D-D445C11D75DC}.Debug|Any CPU.Build.0 = Debug|Any CPU
		{65927400-91AD-438F-907D-D445C11D75DC}.Release|Any CPU.ActiveCfg = Release|Any CPU
		{65927400-91AD-438F-907D-D445C11D75DC}.Release|Any CPU.Build.0 = Release|Any CPU
	EndGlobalSection
	GlobalSection(SolutionProperties) = preSolution
		HideSolutionNode = FALSE
	EndGlobalSection
	GlobalSection(ExtensibilityGlobals) = postSolution
		SolutionGuid = {2EFC2573-0837-4A79-9C1C-628DE6DA57DE}
	EndGlobalSection
EndGlobal
